
Microsoft Visual Studio Solution File, Format Version 12.00
# Visual Studio 15
VisualStudioVersion = 15.0.28307.168
MinimumVisualStudioVersion = 10.0.40219.1
Project("{FAE04EC0-301F-11D3-BF4B-00C04F79EFBC}") = "Koutei_task_Manager", "Koutei_task_Manager\Koutei_task_Manager.csproj", "{ECFCC438-6A82-4A1C-893E-62A74CE0A417}"
EndProject
Project("{FAE04EC0-301F-11D3-BF4B-00C04F79EFBC}") = "Service", "Service1\Service.csproj", "{ABF4EE20-3B0C-4F25-B8FF-16ACD2938686}"
EndProject
Project("{FAE04EC0-301F-11D3-BF4B-00C04F79EFBC}") = "Common", "Common\Common.csproj", "{FC8E2A04-FACC-4314-8A12-E67AC4D4B155}"
EndProject
Global
	GlobalSection(SolutionConfigurationPlatforms) = preSolution
		Debug|Any CPU = Debug|Any CPU
		Release|Any CPU = Release|Any CPU
	EndGlobalSection
	GlobalSection(ProjectConfigurationPlatforms) = postSolution
		{ECFCC438-6A82-4A1C-893E-62A74CE0A417}.Debug|Any CPU.ActiveCfg = Debug|Any CPU
		{ECFCC438-6A82-4A1C-893E-62A74CE0A417}.Debug|Any CPU.Build.0 = Debug|Any CPU
		{ECFCC438-6A82-4A1C-893E-62A74CE0A417}.Release|Any CPU.ActiveCfg = Release|Any CPU
		{ECFCC438-6A82-4A1C-893E-62A74CE0A417}.Release|Any CPU.Build.0 = Release|Any CPU
		{ABF4EE20-3B0C-4F25-B8FF-16ACD2938686}.Debug|Any CPU.ActiveCfg = Debug|Any CPU
		{ABF4EE20-3B0C-4F25-B8FF-16ACD2938686}.Debug|Any CPU.Build.0 = Debug|Any CPU
		{ABF4EE20-3B0C-4F25-B8FF-16ACD2938686}.Release|Any CPU.ActiveCfg = Release|Any CPU
		{ABF4EE20-3B0C-4F25-B8FF-16ACD2938686}.Release|Any CPU.Build.0 = Release|Any CPU
		{FC8E2A04-FACC-4314-8A12-E67AC4D4B155}.Debug|Any CPU.ActiveCfg = Debug|Any CPU
		{FC8E2A04-FACC-4314-8A12-E67AC4D4B155}.Debug|Any CPU.Build.0 = Debug|Any CPU
		{FC8E2A04-FACC-4314-8A12-E67AC4D4B155}.Release|Any CPU.ActiveCfg = Release|Any CPU
		{FC8E2A04-FACC-4314-8A12-E67AC4D4B155}.Release|Any CPU.Build.0 = Release|Any CPU
	EndGlobalSection
	GlobalSection(SolutionProperties) = preSolution
		HideSolutionNode = FALSE
	EndGlobalSection
	GlobalSection(ExtensibilityGlobals) = postSolution
		SolutionGuid = {A2464795-08A3-4136-9028-3F86185EFC72}
	EndGlobalSection
EndGlobal
